
Microsoft Visual Studio Solution File, Format Version 12.00
# Visual Studio Version 16
VisualStudioVersion = 16.0.29215.179
MinimumVisualStudioVersion = 10.0.40219.1
Project("{FAE04EC0-301F-11D3-BF4B-00C04F79EFBC}") = "Vysvedceni", "Vysvedceni\Vysvedceni.csproj", "{56BEA35E-3D80-4F40-A43A-F8C1D3C6898B}"
EndProject
Global
	GlobalSection(SolutionConfigurationPlatforms) = preSolution
		Debug|Any CPU = Debug|Any CPU
		Release|Any CPU = Release|Any CPU
	EndGlobalSection
	GlobalSection(ProjectConfigurationPlatforms) = postSolution
		{56BEA35E-3D80-4F40-A43A-F8C1D3C6898B}.Debug|Any CPU.ActiveCfg = Debug|Any CPU
		{56BEA35E-3D80-4F40-A43A-F8C1D3C6898B}.Debug|Any CPU.Build.0 = Debug|Any CPU
		{56BEA35E-3D80-4F40-A43A-F8C1D3C6898B}.Release|Any CPU.ActiveCfg = Release|Any CPU
		{56BEA35E-3D80-4F40-A43A-F8C1D3C6898B}.Release|Any CPU.Build.0 = Release|Any CPU
	EndGlobalSection
	GlobalSection(SolutionProperties) = preSolution
		HideSolutionNode = FALSE
	EndGlobalSection
	GlobalSection(ExtensibilityGlobals) = postSolution
		SolutionGuid = {2818F315-75E3-40D6-A5B3-6144E20A4DCA}
	EndGlobalSection
EndGlobal
